// !$*UTF8*$!
{
	archiveVersion = 1;
	classes = {
	};
	objectVersion = 46;
	objects = {

/* Begin PBXBuildFile section */
		810E4FB117D70C3F00B69AF3 /* TCDirectionsServiceTests_AlternativeRoutes.json in Resources */ = {isa = PBXBuildFile; fileRef = 810E4FAD17D70C3F00B69AF3 /* TCDirectionsServiceTests_AlternativeRoutes.json */; };
		810E4FB217D70C3F00B69AF3 /* TCDirectionsServiceTests_InvalidRequest.json in Resources */ = {isa = PBXBuildFile; fileRef = 810E4FAE17D70C3F00B69AF3 /* TCDirectionsServiceTests_InvalidRequest.json */; };
		810E4FB317D70C3F00B69AF3 /* TCDirectionsServiceTests_NotFound.json in Resources */ = {isa = PBXBuildFile; fileRef = 810E4FAF17D70C3F00B69AF3 /* TCDirectionsServiceTests_NotFound.json */; };
		810E4FB417D70C3F00B69AF3 /* TCDirectionsServiceTests_OneRoute.json in Resources */ = {isa = PBXBuildFile; fileRef = 810E4FB017D70C3F00B69AF3 /* TCDirectionsServiceTests_OneRoute.json */; };
		810E4FB717D70CCD00B69AF3 /* TCPlacesAutocomplete_Success.json in Resources */ = {isa = PBXBuildFile; fileRef = 810E4FB617D70CCD00B69AF3 /* TCPlacesAutocomplete_Success.json */; };
		810E4FB917D70D1600B69AF3 /* TCDirectionsStepTestData.json in Resources */ = {isa = PBXBuildFile; fileRef = 810E4FB817D70D1600B69AF3 /* TCDirectionsStepTestData.json */; };
		810E4FBC17D757AC00B69AF3 /* TCPlacesAutocompletePredictionTests.m in Sources */ = {isa = PBXBuildFile; fileRef = 810E4FBB17D757AC00B69AF3 /* TCPlacesAutocompletePredictionTests.m */; };
		810E4FBF17D81F9800B69AF3 /* TCPlacesAutocompleteParametersTests.m in Sources */ = {isa = PBXBuildFile; fileRef = 810E4FBE17D81F9800B69AF3 /* TCPlacesAutocompleteParametersTests.m */; };
		810E4FC517D83F8A00B69AF3 /* TCGoogleMapsAPIDataMapperTests.m in Sources */ = {isa = PBXBuildFile; fileRef = 810E4FC417D83F8A00B69AF3 /* TCGoogleMapsAPIDataMapperTests.m */; };
		810E4FC817D8646B00B69AF3 /* TCMockAPIClient.m in Sources */ = {isa = PBXBuildFile; fileRef = 810E4FC717D8646A00B69AF3 /* TCMockAPIClient.m */; };
		810E4FCA17D8755300B69AF3 /* TCPlacesAutocomplete_Error.json in Resources */ = {isa = PBXBuildFile; fileRef = 810E4FC917D8755300B69AF3 /* TCPlacesAutocomplete_Error.json */; };
		810E4FCD17D87D3200B69AF3 /* TCPlacesServiceStatus.m in Sources */ = {isa = PBXBuildFile; fileRef = 810E4FCC17D87D3100B69AF3 /* TCPlacesServiceStatus.m */; };
		810E4FD017D8845000B69AF3 /* TCPlacesServiceError.m in Sources */ = {isa = PBXBuildFile; fileRef = 810E4FCF17D8844E00B69AF3 /* TCPlacesServiceError.m */; };
		810E4FD717D9B2E700B69AF3 /* TCPlacesServiceErrorTests.m in Sources */ = {isa = PBXBuildFile; fileRef = 810E4FD617D9B2E700B69AF3 /* TCPlacesServiceErrorTests.m */; };
		810E4FE517DD7E7100B69AF3 /* TCPlacesServiceStatusConstants.m in Sources */ = {isa = PBXBuildFile; fileRef = 810E4FE417DD7E6F00B69AF3 /* TCPlacesServiceStatusConstants.m */; };
		810E4FE817DD948F00B69AF3 /* TCPlacesServiceErrorConstants.m in Sources */ = {isa = PBXBuildFile; fileRef = 810E4FE717DD948D00B69AF3 /* TCPlacesServiceErrorConstants.m */; };
		810E4FEB17DD98AD00B69AF3 /* TCUserLocationManager.m in Sources */ = {isa = PBXBuildFile; fileRef = 810E4FEA17DD98AD00B69AF3 /* TCUserLocationManager.m */; };
		810E4FFF17DDBEAD00B69AF3 /* TCPlacesAutocompleteParameters.m in Sources */ = {isa = PBXBuildFile; fileRef = 810E4FF417DDBEAD00B69AF3 /* TCPlacesAutocompleteParameters.m */; };
		810E500017DDBEAD00B69AF3 /* TCPlacesAutocompletePrediction.m in Sources */ = {isa = PBXBuildFile; fileRef = 810E4FF617DDBEAD00B69AF3 /* TCPlacesAutocompletePrediction.m */; };
		810E500117DDBEAD00B69AF3 /* TCPlacesAutocompleteService.m in Sources */ = {isa = PBXBuildFile; fileRef = 810E4FF917DDBEAD00B69AF3 /* TCPlacesAutocompleteService.m */; };
		810E500217DDBEAD00B69AF3 /* TCPlace.m in Sources */ = {isa = PBXBuildFile; fileRef = 810E4FFC17DDBEAD00B69AF3 /* TCPlace.m */; };
		810E500317DDBEAD00B69AF3 /* TCPlaceDetailsService.m in Sources */ = {isa = PBXBuildFile; fileRef = 810E4FFE17DDBEAD00B69AF3 /* TCPlaceDetailsService.m */; };
		8152489017D068860032FEAF /* Pods-TCGoogleMapsTests.xcconfig in Resources */ = {isa = PBXBuildFile; fileRef = 8152488F17D068860032FEAF /* Pods-TCGoogleMapsTests.xcconfig */; };
		815CF88017D071CA00FFFA83 /* InfoPlist.strings in Resources */ = {isa = PBXBuildFile; fileRef = 815CF87B17D071CA00FFFA83 /* InfoPlist.strings */; };
		815CF88D17D0794200FFFA83 /* TCTestData.m in Sources */ = {isa = PBXBuildFile; fileRef = 815CF88C17D0794200FFFA83 /* TCTestData.m */; };
		81718ED317CB40940082F631 /* libxml2.2.dylib in Frameworks */ = {isa = PBXBuildFile; fileRef = 81718ED217CB40940082F631 /* libxml2.2.dylib */; };
		81AA9B9117D5D86B00B45089 /* TCDirectionsLegTests.m in Sources */ = {isa = PBXBuildFile; fileRef = 81AA9B8317D5D86B00B45089 /* TCDirectionsLegTests.m */; };
		81AA9B9217D5D86B00B45089 /* TCDirectionsParametersTests.m in Sources */ = {isa = PBXBuildFile; fileRef = 81AA9B8517D5D86B00B45089 /* TCDirectionsParametersTests.m */; };
		81AA9B9317D5D86B00B45089 /* TCDirectionsRouteTests.m in Sources */ = {isa = PBXBuildFile; fileRef = 81AA9B8717D5D86B00B45089 /* TCDirectionsRouteTests.m */; };
		81AA9B9417D5D86B00B45089 /* TCDirectionsServiceTests.m in Sources */ = {isa = PBXBuildFile; fileRef = 81AA9B8917D5D86B00B45089 /* TCDirectionsServiceTests.m */; };
		81AA9B9517D5D86B00B45089 /* TCDirectionsStepTests.m in Sources */ = {isa = PBXBuildFile; fileRef = 81AA9B8B17D5D86B00B45089 /* TCDirectionsStepTests.m */; };
		81AA9B9617D5D86B00B45089 /* TCDistanceTests.m in Sources */ = {isa = PBXBuildFile; fileRef = 81AA9B8D17D5D86B00B45089 /* TCDistanceTests.m */; };
		81AA9B9717D5D86B00B45089 /* TCDurationTests.m in Sources */ = {isa = PBXBuildFile; fileRef = 81AA9B8F17D5D86B00B45089 /* TCDurationTests.m */; };
		81AA9B9B17D5DC4F00B45089 /* TCPlacesAutocompleteServiceTests.m in Sources */ = {isa = PBXBuildFile; fileRef = 81AA9B9A17D5DC4F00B45089 /* TCPlacesAutocompleteServiceTests.m */; };
		81AA9B9E17D5E46400B45089 /* TCPlacesService.m in Sources */ = {isa = PBXBuildFile; fileRef = 81AA9B9D17D5E46400B45089 /* TCPlacesService.m */; };
		81C1820917DF0FB4009AF620 /* TCGooglePlacesAPIClient.m in Sources */ = {isa = PBXBuildFile; fileRef = 81C1820817DF0FB3009AF620 /* TCGooglePlacesAPIClient.m */; };
		81C1820C17E000D1009AF620 /* TCPlacesPredictionTerm.m in Sources */ = {isa = PBXBuildFile; fileRef = 81C1820B17E000D0009AF620 /* TCPlacesPredictionTerm.m */; };
		81C1821017E0091F009AF620 /* TCGoogleMapsAPIDataMapper.m in Sources */ = {isa = PBXBuildFile; fileRef = 81C1820F17E0091F009AF620 /* TCGoogleMapsAPIDataMapper.m */; };
		81C1BAED17CEF6900032BA8F /* InfoPlist.strings in Resources */ = {isa = PBXBuildFile; fileRef = 81C1BAE817CEF6900032BA8F /* InfoPlist.strings */; };
		81C1BAEE17CEF6900032BA8F /* main.m in Sources */ = {isa = PBXBuildFile; fileRef = 81C1BAEA17CEF6900032BA8F /* main.m */; };
		81C1BAF717CEF7230032BA8F /* TCMapViewController.m in Sources */ = {isa = PBXBuildFile; fileRef = 81C1BAF217CEF7230032BA8F /* TCMapViewController.m */; };
		81C1BAF817CEF7230032BA8F /* TCSearchViewController.m in Sources */ = {isa = PBXBuildFile; fileRef = 81C1BAF417CEF7230032BA8F /* TCSearchViewController.m */; };
		81C1BAF917CEF7230032BA8F /* TCStepsViewController.m in Sources */ = {isa = PBXBuildFile; fileRef = 81C1BAF617CEF7230032BA8F /* TCStepsViewController.m */; };
		81C1BB0617CEF85B0032BA8F /* TCGooglePlacesAPI.m in Sources */ = {isa = PBXBuildFile; fileRef = 81C1BB0017CEF85B0032BA8F /* TCGooglePlacesAPI.m */; };
		81C1BB0B17CEF9E70032BA8F /* MainStoryboard.storyboard in Resources */ = {isa = PBXBuildFile; fileRef = 81C1BB0917CEF9E70032BA8F /* MainStoryboard.storyboard */; };
		81C1BB1517CEFAF90032BA8F /* Default-568h@2x.png in Resources */ = {isa = PBXBuildFile; fileRef = 81C1BB1017CEFAF90032BA8F /* Default-568h@2x.png */; };
		81C1BB1617CEFAF90032BA8F /* Default.png in Resources */ = {isa = PBXBuildFile; fileRef = 81C1BB1117CEFAF90032BA8F /* Default.png */; };
		81C1BB1717CEFAF90032BA8F /* Default@2x.png in Resources */ = {isa = PBXBuildFile; fileRef = 81C1BB1217CEFAF90032BA8F /* Default@2x.png */; };
		81C1BB1A17CEFBB00032BA8F /* TCAppDelegate.m in Sources */ = {isa = PBXBuildFile; fileRef = 81C1BB1917CEFBB00032BA8F /* TCAppDelegate.m */; };
		81C1BB3617CF04AC0032BA8F /* TCDirectionsLeg.m in Sources */ = {isa = PBXBuildFile; fileRef = 81C1BB2417CF04AC0032BA8F /* TCDirectionsLeg.m */; };
		81C1BB3717CF04AC0032BA8F /* TCDirectionsParameters.m in Sources */ = {isa = PBXBuildFile; fileRef = 81C1BB2617CF04AC0032BA8F /* TCDirectionsParameters.m */; };
		81C1BB3817CF04AC0032BA8F /* TCDirectionsRoute.m in Sources */ = {isa = PBXBuildFile; fileRef = 81C1BB2817CF04AC0032BA8F /* TCDirectionsRoute.m */; };
		81C1BB3917CF04AC0032BA8F /* TCDirectionsService.m in Sources */ = {isa = PBXBuildFile; fileRef = 81C1BB2A17CF04AC0032BA8F /* TCDirectionsService.m */; };
		81C1BB3A17CF04AC0032BA8F /* TCDirectionsStep.m in Sources */ = {isa = PBXBuildFile; fileRef = 81C1BB2C17CF04AC0032BA8F /* TCDirectionsStep.m */; };
		81C1BB3B17CF04AC0032BA8F /* TCDistance.m in Sources */ = {isa = PBXBuildFile; fileRef = 81C1BB2E17CF04AC0032BA8F /* TCDistance.m */; };
		81C1BB3C17CF04AC0032BA8F /* TCDuration.m in Sources */ = {isa = PBXBuildFile; fileRef = 81C1BB3017CF04AC0032BA8F /* TCDuration.m */; };
		81C1BB3D17CF04AC0032BA8F /* TCGoogleMapsAPIClient.m in Sources */ = {isa = PBXBuildFile; fileRef = 81C1BB3317CF04AC0032BA8F /* TCGoogleMapsAPIClient.m */; };
		81C1BB4117CF162D0032BA8F /* TCDirectionsStatus.m in Sources */ = {isa = PBXBuildFile; fileRef = 81C1BB4017CF162D0032BA8F /* TCDirectionsStatus.m */; };
		81C1BB4517CF1FF30032BA8F /* TCGoogleAPIKeys.m in Sources */ = {isa = PBXBuildFile; fileRef = 81C1BB4417CF1FF30032BA8F /* TCGoogleAPIKeys.m */; };
		81C1BB8F17D04A570032BA8F /* SenTestingKit.framework in Frameworks */ = {isa = PBXBuildFile; fileRef = 81DA0AE417BF91FF0059ADA7 /* SenTestingKit.framework */; };
		81C1BB9017D04A570032BA8F /* UIKit.framework in Frameworks */ = {isa = PBXBuildFile; fileRef = 81DA0AC017BF91FE0059ADA7 /* UIKit.framework */; };
		81C1BB9117D04A570032BA8F /* Foundation.framework in Frameworks */ = {isa = PBXBuildFile; fileRef = 81DA0AC217BF91FE0059ADA7 /* Foundation.framework */; };
		81DA0AC117BF91FE0059ADA7 /* UIKit.framework in Frameworks */ = {isa = PBXBuildFile; fileRef = 81DA0AC017BF91FE0059ADA7 /* UIKit.framework */; };
		81DA0AC317BF91FE0059ADA7 /* Foundation.framework in Frameworks */ = {isa = PBXBuildFile; fileRef = 81DA0AC217BF91FE0059ADA7 /* Foundation.framework */; };
		81DA0AC517BF91FE0059ADA7 /* CoreGraphics.framework in Frameworks */ = {isa = PBXBuildFile; fileRef = 81DA0AC417BF91FE0059ADA7 /* CoreGraphics.framework */; };
		81DA0AFC17C074820059ADA7 /* CoreLocation.framework in Frameworks */ = {isa = PBXBuildFile; fileRef = 81DA0AFB17C074820059ADA7 /* CoreLocation.framework */; };
		81DA0B2317C1F7B90059ADA7 /* SystemConfiguration.framework in Frameworks */ = {isa = PBXBuildFile; fileRef = 81DA0B2217C1F7B90059ADA7 /* SystemConfiguration.framework */; };
		81DA0B2517C1F7C10059ADA7 /* MobileCoreServices.framework in Frameworks */ = {isa = PBXBuildFile; fileRef = 81DA0B2417C1F7C10059ADA7 /* MobileCoreServices.framework */; };
		934995869DCB47C0BA60AC16 /* libPods.a in Frameworks */ = {isa = PBXBuildFile; fileRef = BE659AE6C5AC4B4D8ADBD370 /* libPods.a */; };
		D7FB8D388A9F41CEA8A845C4 /* libPods-TCGoogleMapsTests.a in Frameworks */ = {isa = PBXBuildFile; fileRef = B2FAF9509CFC41F3A8EC8659 /* libPods-TCGoogleMapsTests.a */; };
/* End PBXBuildFile section */

/* Begin PBXContainerItemProxy section */
		81C1BB9F17D04AFA0032BA8F /* PBXContainerItemProxy */ = {
			isa = PBXContainerItemProxy;
			containerPortal = 81DA0AB517BF91FE0059ADA7 /* Project object */;
			proxyType = 1;
			remoteGlobalIDString = 81DA0ABC17BF91FE0059ADA7;
			remoteInfo = TCGoogleMaps;
		};
/* End PBXContainerItemProxy section */

/* Begin PBXFileReference section */
		810E4FAD17D70C3F00B69AF3 /* TCDirectionsServiceTests_AlternativeRoutes.json */ = {isa = PBXFileReference; fileEncoding = 4; lastKnownFileType = text.json; path = TCDirectionsServiceTests_AlternativeRoutes.json; sourceTree = "<group>"; };
		810E4FAE17D70C3F00B69AF3 /* TCDirectionsServiceTests_InvalidRequest.json */ = {isa = PBXFileReference; fileEncoding = 4; lastKnownFileType = text.json; path = TCDirectionsServiceTests_InvalidRequest.json; sourceTree = "<group>"; };
		810E4FAF17D70C3F00B69AF3 /* TCDirectionsServiceTests_NotFound.json */ = {isa = PBXFileReference; fileEncoding = 4; lastKnownFileType = text.json; path = TCDirectionsServiceTests_NotFound.json; sourceTree = "<group>"; };
		810E4FB017D70C3F00B69AF3 /* TCDirectionsServiceTests_OneRoute.json */ = {isa = PBXFileReference; fileEncoding = 4; lastKnownFileType = text.json; path = TCDirectionsServiceTests_OneRoute.json; sourceTree = "<group>"; };
		810E4FB617D70CCD00B69AF3 /* TCPlacesAutocomplete_Success.json */ = {isa = PBXFileReference; fileEncoding = 4; lastKnownFileType = text.json; path = TCPlacesAutocomplete_Success.json; sourceTree = "<group>"; };
		810E4FB817D70D1600B69AF3 /* TCDirectionsStepTestData.json */ = {isa = PBXFileReference; fileEncoding = 4; lastKnownFileType = text.json; path = TCDirectionsStepTestData.json; sourceTree = "<group>"; };
		810E4FBA17D757AC00B69AF3 /* TCPlacesAutocompletePredictionTests.h */ = {isa = PBXFileReference; fileEncoding = 4; lastKnownFileType = sourcecode.c.h; path = TCPlacesAutocompletePredictionTests.h; sourceTree = "<group>"; };
		810E4FBB17D757AC00B69AF3 /* TCPlacesAutocompletePredictionTests.m */ = {isa = PBXFileReference; fileEncoding = 4; lastKnownFileType = sourcecode.c.objc; path = TCPlacesAutocompletePredictionTests.m; sourceTree = "<group>"; };
		810E4FBD17D81F9800B69AF3 /* TCPlacesAutocompleteParametersTests.h */ = {isa = PBXFileReference; fileEncoding = 4; lastKnownFileType = sourcecode.c.h; path = TCPlacesAutocompleteParametersTests.h; sourceTree = "<group>"; };
		810E4FBE17D81F9800B69AF3 /* TCPlacesAutocompleteParametersTests.m */ = {isa = PBXFileReference; fileEncoding = 4; lastKnownFileType = sourcecode.c.objc; path = TCPlacesAutocompleteParametersTests.m; sourceTree = "<group>"; };
		810E4FC317D83F8A00B69AF3 /* TCGoogleMapsAPIDataMapperTests.h */ = {isa = PBXFileReference; fileEncoding = 4; lastKnownFileType = sourcecode.c.h; path = TCGoogleMapsAPIDataMapperTests.h; sourceTree = "<group>"; };
		810E4FC417D83F8A00B69AF3 /* TCGoogleMapsAPIDataMapperTests.m */ = {isa = PBXFileReference; fileEncoding = 4; lastKnownFileType = sourcecode.c.objc; path = TCGoogleMapsAPIDataMapperTests.m; sourceTree = "<group>"; };
		810E4FC617D8646A00B69AF3 /* TCMockAPIClient.h */ = {isa = PBXFileReference; fileEncoding = 4; lastKnownFileType = sourcecode.c.h; path = TCMockAPIClient.h; sourceTree = "<group>"; };
		810E4FC717D8646A00B69AF3 /* TCMockAPIClient.m */ = {isa = PBXFileReference; fileEncoding = 4; lastKnownFileType = sourcecode.c.objc; path = TCMockAPIClient.m; sourceTree = "<group>"; };
		810E4FC917D8755300B69AF3 /* TCPlacesAutocomplete_Error.json */ = {isa = PBXFileReference; fileEncoding = 4; lastKnownFileType = text.json; path = TCPlacesAutocomplete_Error.json; sourceTree = "<group>"; };
		810E4FCB17D87D3100B69AF3 /* TCPlacesServiceStatus.h */ = {isa = PBXFileReference; fileEncoding = 4; lastKnownFileType = sourcecode.c.h; path = TCPlacesServiceStatus.h; sourceTree = "<group>"; };
		810E4FCC17D87D3100B69AF3 /* TCPlacesServiceStatus.m */ = {isa = PBXFileReference; fileEncoding = 4; lastKnownFileType = sourcecode.c.objc; path = TCPlacesServiceStatus.m; sourceTree = "<group>"; };
		810E4FCE17D8844E00B69AF3 /* TCPlacesServiceError.h */ = {isa = PBXFileReference; fileEncoding = 4; lastKnownFileType = sourcecode.c.h; path = TCPlacesServiceError.h; sourceTree = "<group>"; };
		810E4FCF17D8844E00B69AF3 /* TCPlacesServiceError.m */ = {isa = PBXFileReference; fileEncoding = 4; lastKnownFileType = sourcecode.c.objc; path = TCPlacesServiceError.m; sourceTree = "<group>"; };
		810E4FD417D97E6800B69AF3 /* TCGooglePlaces.h */ = {isa = PBXFileReference; lastKnownFileType = sourcecode.c.h; path = TCGooglePlaces.h; sourceTree = "<group>"; };
		810E4FD517D9B2E700B69AF3 /* TCPlacesServiceErrorTests.h */ = {isa = PBXFileReference; fileEncoding = 4; lastKnownFileType = sourcecode.c.h; path = TCPlacesServiceErrorTests.h; sourceTree = "<group>"; };
		810E4FD617D9B2E700B69AF3 /* TCPlacesServiceErrorTests.m */ = {isa = PBXFileReference; fileEncoding = 4; lastKnownFileType = sourcecode.c.objc; path = TCPlacesServiceErrorTests.m; sourceTree = "<group>"; };
		810E4FE317DD7E6E00B69AF3 /* TCPlacesServiceStatusConstants.h */ = {isa = PBXFileReference; fileEncoding = 4; lastKnownFileType = sourcecode.c.h; path = TCPlacesServiceStatusConstants.h; sourceTree = "<group>"; };
		810E4FE417DD7E6F00B69AF3 /* TCPlacesServiceStatusConstants.m */ = {isa = PBXFileReference; fileEncoding = 4; lastKnownFileType = sourcecode.c.objc; path = TCPlacesServiceStatusConstants.m; sourceTree = "<group>"; };
		810E4FE617DD948B00B69AF3 /* TCPlacesServiceErrorConstants.h */ = {isa = PBXFileReference; fileEncoding = 4; lastKnownFileType = sourcecode.c.h; path = TCPlacesServiceErrorConstants.h; sourceTree = "<group>"; };
		810E4FE717DD948D00B69AF3 /* TCPlacesServiceErrorConstants.m */ = {isa = PBXFileReference; fileEncoding = 4; lastKnownFileType = sourcecode.c.objc; path = TCPlacesServiceErrorConstants.m; sourceTree = "<group>"; };
		810E4FE917DD98AD00B69AF3 /* TCUserLocationManager.h */ = {isa = PBXFileReference; fileEncoding = 4; lastKnownFileType = sourcecode.c.h; path = TCUserLocationManager.h; sourceTree = "<group>"; };
		810E4FEA17DD98AD00B69AF3 /* TCUserLocationManager.m */ = {isa = PBXFileReference; fileEncoding = 4; lastKnownFileType = sourcecode.c.objc; path = TCUserLocationManager.m; sourceTree = "<group>"; };
		810E4FF317DDBEAD00B69AF3 /* TCPlacesAutocompleteParameters.h */ = {isa = PBXFileReference; fileEncoding = 4; lastKnownFileType = sourcecode.c.h; path = TCPlacesAutocompleteParameters.h; sourceTree = "<group>"; };
		810E4FF417DDBEAD00B69AF3 /* TCPlacesAutocompleteParameters.m */ = {isa = PBXFileReference; fileEncoding = 4; lastKnownFileType = sourcecode.c.objc; path = TCPlacesAutocompleteParameters.m; sourceTree = "<group>"; };
		810E4FF517DDBEAD00B69AF3 /* TCPlacesAutocompletePrediction.h */ = {isa = PBXFileReference; fileEncoding = 4; lastKnownFileType = sourcecode.c.h; path = TCPlacesAutocompletePrediction.h; sourceTree = "<group>"; };
		810E4FF617DDBEAD00B69AF3 /* TCPlacesAutocompletePrediction.m */ = {isa = PBXFileReference; fileEncoding = 4; lastKnownFileType = sourcecode.c.objc; path = TCPlacesAutocompletePrediction.m; sourceTree = "<group>"; };
		810E4FF817DDBEAD00B69AF3 /* TCPlacesAutocompleteService.h */ = {isa = PBXFileReference; fileEncoding = 4; lastKnownFileType = sourcecode.c.h; path = TCPlacesAutocompleteService.h; sourceTree = "<group>"; };
		810E4FF917DDBEAD00B69AF3 /* TCPlacesAutocompleteService.m */ = {isa = PBXFileReference; fileEncoding = 4; lastKnownFileType = sourcecode.c.objc; path = TCPlacesAutocompleteService.m; sourceTree = "<group>"; };
		810E4FFB17DDBEAD00B69AF3 /* TCPlace.h */ = {isa = PBXFileReference; fileEncoding = 4; lastKnownFileType = sourcecode.c.h; path = TCPlace.h; sourceTree = "<group>"; };
		810E4FFC17DDBEAD00B69AF3 /* TCPlace.m */ = {isa = PBXFileReference; fileEncoding = 4; lastKnownFileType = sourcecode.c.objc; path = TCPlace.m; sourceTree = "<group>"; };
		810E4FFD17DDBEAD00B69AF3 /* TCPlaceDetailsService.h */ = {isa = PBXFileReference; fileEncoding = 4; lastKnownFileType = sourcecode.c.h; path = TCPlaceDetailsService.h; sourceTree = "<group>"; };
		810E4FFE17DDBEAD00B69AF3 /* TCPlaceDetailsService.m */ = {isa = PBXFileReference; fileEncoding = 4; lastKnownFileType = sourcecode.c.objc; path = TCPlaceDetailsService.m; sourceTree = "<group>"; };
		810E500617DEABCF00B69AF3 /* TCPlacesServiceBlocks.h */ = {isa = PBXFileReference; lastKnownFileType = sourcecode.c.h; path = TCPlacesServiceBlocks.h; sourceTree = "<group>"; };
		8152488F17D068860032FEAF /* Pods-TCGoogleMapsTests.xcconfig */ = {isa = PBXFileReference; fileEncoding = 4; lastKnownFileType = text.xcconfig; name = "Pods-TCGoogleMapsTests.xcconfig"; path = "Pods/Pods-TCGoogleMapsTests.xcconfig"; sourceTree = "<group>"; };
		815CF87C17D071CA00FFFA83 /* en */ = {isa = PBXFileReference; lastKnownFileType = text.plist.strings; name = en; path = en.lproj/InfoPlist.strings; sourceTree = "<group>"; };
		815CF87D17D071CA00FFFA83 /* TCGoogleMapsTests-Info.plist */ = {isa = PBXFileReference; fileEncoding = 4; lastKnownFileType = text.plist.xml; path = "TCGoogleMapsTests-Info.plist"; sourceTree = "<group>"; };
		815CF87E17D071CA00FFFA83 /* TCGoogleMapsTests-Prefix.pch */ = {isa = PBXFileReference; fileEncoding = 4; lastKnownFileType = sourcecode.c.h; path = "TCGoogleMapsTests-Prefix.pch"; sourceTree = "<group>"; };
		815CF88B17D0794200FFFA83 /* TCTestData.h */ = {isa = PBXFileReference; fileEncoding = 4; lastKnownFileType = sourcecode.c.h; path = TCTestData.h; sourceTree = "<group>"; };
		815CF88C17D0794200FFFA83 /* TCTestData.m */ = {isa = PBXFileReference; fileEncoding = 4; lastKnownFileType = sourcecode.c.objc; path = TCTestData.m; sourceTree = "<group>"; };
		81718ED217CB40940082F631 /* libxml2.2.dylib */ = {isa = PBXFileReference; lastKnownFileType = "compiled.mach-o.dylib"; name = libxml2.2.dylib; path = usr/lib/libxml2.2.dylib; sourceTree = SDKROOT; };
		81AA9B8217D5D86B00B45089 /* TCDirectionsLegTests.h */ = {isa = PBXFileReference; fileEncoding = 4; lastKnownFileType = sourcecode.c.h; path = TCDirectionsLegTests.h; sourceTree = "<group>"; };
		81AA9B8317D5D86B00B45089 /* TCDirectionsLegTests.m */ = {isa = PBXFileReference; fileEncoding = 4; lastKnownFileType = sourcecode.c.objc; path = TCDirectionsLegTests.m; sourceTree = "<group>"; };
		81AA9B8417D5D86B00B45089 /* TCDirectionsParametersTests.h */ = {isa = PBXFileReference; fileEncoding = 4; lastKnownFileType = sourcecode.c.h; path = TCDirectionsParametersTests.h; sourceTree = "<group>"; };
		81AA9B8517D5D86B00B45089 /* TCDirectionsParametersTests.m */ = {isa = PBXFileReference; fileEncoding = 4; lastKnownFileType = sourcecode.c.objc; path = TCDirectionsParametersTests.m; sourceTree = "<group>"; };
		81AA9B8617D5D86B00B45089 /* TCDirectionsRouteTests.h */ = {isa = PBXFileReference; fileEncoding = 4; lastKnownFileType = sourcecode.c.h; path = TCDirectionsRouteTests.h; sourceTree = "<group>"; };
		81AA9B8717D5D86B00B45089 /* TCDirectionsRouteTests.m */ = {isa = PBXFileReference; fileEncoding = 4; lastKnownFileType = sourcecode.c.objc; path = TCDirectionsRouteTests.m; sourceTree = "<group>"; };
		81AA9B8817D5D86B00B45089 /* TCDirectionsServiceTests.h */ = {isa = PBXFileReference; fileEncoding = 4; lastKnownFileType = sourcecode.c.h; path = TCDirectionsServiceTests.h; sourceTree = "<group>"; };
		81AA9B8917D5D86B00B45089 /* TCDirectionsServiceTests.m */ = {isa = PBXFileReference; fileEncoding = 4; lastKnownFileType = sourcecode.c.objc; path = TCDirectionsServiceTests.m; sourceTree = "<group>"; };
		81AA9B8A17D5D86B00B45089 /* TCDirectionsStepTests.h */ = {isa = PBXFileReference; fileEncoding = 4; lastKnownFileType = sourcecode.c.h; path = TCDirectionsStepTests.h; sourceTree = "<group>"; };
		81AA9B8B17D5D86B00B45089 /* TCDirectionsStepTests.m */ = {isa = PBXFileReference; fileEncoding = 4; lastKnownFileType = sourcecode.c.objc; path = TCDirectionsStepTests.m; sourceTree = "<group>"; };
		81AA9B8C17D5D86B00B45089 /* TCDistanceTests.h */ = {isa = PBXFileReference; fileEncoding = 4; lastKnownFileType = sourcecode.c.h; path = TCDistanceTests.h; sourceTree = "<group>"; };
		81AA9B8D17D5D86B00B45089 /* TCDistanceTests.m */ = {isa = PBXFileReference; fileEncoding = 4; lastKnownFileType = sourcecode.c.objc; path = TCDistanceTests.m; sourceTree = "<group>"; };
		81AA9B8E17D5D86B00B45089 /* TCDurationTests.h */ = {isa = PBXFileReference; fileEncoding = 4; lastKnownFileType = sourcecode.c.h; path = TCDurationTests.h; sourceTree = "<group>"; };
		81AA9B8F17D5D86B00B45089 /* TCDurationTests.m */ = {isa = PBXFileReference; fileEncoding = 4; lastKnownFileType = sourcecode.c.objc; path = TCDurationTests.m; sourceTree = "<group>"; };
		81AA9B9917D5DC4F00B45089 /* TCPlacesAutocompleteServiceTests.h */ = {isa = PBXFileReference; fileEncoding = 4; lastKnownFileType = sourcecode.c.h; path = TCPlacesAutocompleteServiceTests.h; sourceTree = "<group>"; };
		81AA9B9A17D5DC4F00B45089 /* TCPlacesAutocompleteServiceTests.m */ = {isa = PBXFileReference; fileEncoding = 4; lastKnownFileType = sourcecode.c.objc; path = TCPlacesAutocompleteServiceTests.m; sourceTree = "<group>"; };
		81AA9B9C17D5E46400B45089 /* TCPlacesService.h */ = {isa = PBXFileReference; fileEncoding = 4; lastKnownFileType = sourcecode.c.h; path = TCPlacesService.h; sourceTree = "<group>"; };
		81AA9B9D17D5E46400B45089 /* TCPlacesService.m */ = {isa = PBXFileReference; fileEncoding = 4; lastKnownFileType = sourcecode.c.objc; path = TCPlacesService.m; sourceTree = "<group>"; };
		81C1820717DF0FB2009AF620 /* TCGooglePlacesAPIClient.h */ = {isa = PBXFileReference; fileEncoding = 4; lastKnownFileType = sourcecode.c.h; path = TCGooglePlacesAPIClient.h; sourceTree = "<group>"; };
		81C1820817DF0FB3009AF620 /* TCGooglePlacesAPIClient.m */ = {isa = PBXFileReference; fileEncoding = 4; lastKnownFileType = sourcecode.c.objc; path = TCGooglePlacesAPIClient.m; sourceTree = "<group>"; };
		81C1820A17E000D0009AF620 /* TCPlacesPredictionTerm.h */ = {isa = PBXFileReference; fileEncoding = 4; lastKnownFileType = sourcecode.c.h; path = TCPlacesPredictionTerm.h; sourceTree = "<group>"; };
		81C1820B17E000D0009AF620 /* TCPlacesPredictionTerm.m */ = {isa = PBXFileReference; fileEncoding = 4; lastKnownFileType = sourcecode.c.objc; path = TCPlacesPredictionTerm.m; sourceTree = "<group>"; };
		81C1820E17E0091F009AF620 /* TCGoogleMapsAPIDataMapper.h */ = {isa = PBXFileReference; fileEncoding = 4; lastKnownFileType = sourcecode.c.h; path = TCGoogleMapsAPIDataMapper.h; sourceTree = "<group>"; };
		81C1820F17E0091F009AF620 /* TCGoogleMapsAPIDataMapper.m */ = {isa = PBXFileReference; fileEncoding = 4; lastKnownFileType = sourcecode.c.objc; path = TCGoogleMapsAPIDataMapper.m; sourceTree = "<group>"; };
		81C1821117E00DCF009AF620 /* TCPlacesPredictionTermPrivate.h */ = {isa = PBXFileReference; lastKnownFileType = sourcecode.c.h; path = TCPlacesPredictionTermPrivate.h; sourceTree = "<group>"; };
		81C1821217E0197A009AF620 /* TCPlacesAutocompletePredictionPrivate.h */ = {isa = PBXFileReference; lastKnownFileType = sourcecode.c.h; path = TCPlacesAutocompletePredictionPrivate.h; sourceTree = "<group>"; };
		81C1821317E019FF009AF620 /* TCPlacesAutocompleteParametersPrivate.h */ = {isa = PBXFileReference; lastKnownFileType = sourcecode.c.h; path = TCPlacesAutocompleteParametersPrivate.h; sourceTree = "<group>"; };
		81C1BAE917CEF6900032BA8F /* en */ = {isa = PBXFileReference; lastKnownFileType = text.plist.strings; name = en; path = en.lproj/InfoPlist.strings; sourceTree = "<group>"; };
		81C1BAEA17CEF6900032BA8F /* main.m */ = {isa = PBXFileReference; fileEncoding = 4; lastKnownFileType = sourcecode.c.objc; path = main.m; sourceTree = "<group>"; };
		81C1BAEB17CEF6900032BA8F /* TCGoogleMaps-Info.plist */ = {isa = PBXFileReference; fileEncoding = 4; lastKnownFileType = text.plist.xml; path = "TCGoogleMaps-Info.plist"; sourceTree = "<group>"; };
		81C1BAEC17CEF6900032BA8F /* TCGoogleMaps-Prefix.pch */ = {isa = PBXFileReference; fileEncoding = 4; lastKnownFileType = sourcecode.c.h; path = "TCGoogleMaps-Prefix.pch"; sourceTree = "<group>"; };
		81C1BAF117CEF7230032BA8F /* TCMapViewController.h */ = {isa = PBXFileReference; fileEncoding = 4; lastKnownFileType = sourcecode.c.h; path = TCMapViewController.h; sourceTree = "<group>"; };
		81C1BAF217CEF7230032BA8F /* TCMapViewController.m */ = {isa = PBXFileReference; fileEncoding = 4; lastKnownFileType = sourcecode.c.objc; path = TCMapViewController.m; sourceTree = "<group>"; };
		81C1BAF317CEF7230032BA8F /* TCSearchViewController.h */ = {isa = PBXFileReference; fileEncoding = 4; lastKnownFileType = sourcecode.c.h; path = TCSearchViewController.h; sourceTree = "<group>"; };
		81C1BAF417CEF7230032BA8F /* TCSearchViewController.m */ = {isa = PBXFileReference; fileEncoding = 4; lastKnownFileType = sourcecode.c.objc; path = TCSearchViewController.m; sourceTree = "<group>"; };
		81C1BAF517CEF7230032BA8F /* TCStepsViewController.h */ = {isa = PBXFileReference; fileEncoding = 4; lastKnownFileType = sourcecode.c.h; path = TCStepsViewController.h; sourceTree = "<group>"; };
		81C1BAF617CEF7230032BA8F /* TCStepsViewController.m */ = {isa = PBXFileReference; fileEncoding = 4; lastKnownFileType = sourcecode.c.objc; path = TCStepsViewController.m; sourceTree = "<group>"; };
		81C1BAFF17CEF85B0032BA8F /* TCGooglePlacesAPI.h */ = {isa = PBXFileReference; fileEncoding = 4; lastKnownFileType = sourcecode.c.h; path = TCGooglePlacesAPI.h; sourceTree = "<group>"; };
		81C1BB0017CEF85B0032BA8F /* TCGooglePlacesAPI.m */ = {isa = PBXFileReference; fileEncoding = 4; lastKnownFileType = sourcecode.c.objc; path = TCGooglePlacesAPI.m; sourceTree = "<group>"; };
		81C1BB0A17CEF9E70032BA8F /* en */ = {isa = PBXFileReference; lastKnownFileType = file.storyboard; name = en; path = en.lproj/MainStoryboard.storyboard; sourceTree = "<group>"; };
		81C1BB1017CEFAF90032BA8F /* Default-568h@2x.png */ = {isa = PBXFileReference; lastKnownFileType = image.png; path = "Default-568h@2x.png"; sourceTree = "<group>"; };
		81C1BB1117CEFAF90032BA8F /* Default.png */ = {isa = PBXFileReference; lastKnownFileType = image.png; path = Default.png; sourceTree = "<group>"; };
		81C1BB1217CEFAF90032BA8F /* Default@2x.png */ = {isa = PBXFileReference; lastKnownFileType = image.png; path = "Default@2x.png"; sourceTree = "<group>"; };
		81C1BB1817CEFBB00032BA8F /* TCAppDelegate.h */ = {isa = PBXFileReference; fileEncoding = 4; lastKnownFileType = sourcecode.c.h; path = TCAppDelegate.h; sourceTree = "<group>"; };
		81C1BB1917CEFBB00032BA8F /* TCAppDelegate.m */ = {isa = PBXFileReference; fileEncoding = 4; lastKnownFileType = sourcecode.c.objc; path = TCAppDelegate.m; sourceTree = "<group>"; };
		81C1BB2217CF04AC0032BA8F /* TCGoogleDirections.h */ = {isa = PBXFileReference; fileEncoding = 4; lastKnownFileType = sourcecode.c.h; path = TCGoogleDirections.h; sourceTree = "<group>"; };
		81C1BB2317CF04AC0032BA8F /* TCDirectionsLeg.h */ = {isa = PBXFileReference; fileEncoding = 4; lastKnownFileType = sourcecode.c.h; path = TCDirectionsLeg.h; sourceTree = "<group>"; };
		81C1BB2417CF04AC0032BA8F /* TCDirectionsLeg.m */ = {isa = PBXFileReference; fileEncoding = 4; lastKnownFileType = sourcecode.c.objc; path = TCDirectionsLeg.m; sourceTree = "<group>"; };
		81C1BB2517CF04AC0032BA8F /* TCDirectionsParameters.h */ = {isa = PBXFileReference; fileEncoding = 4; lastKnownFileType = sourcecode.c.h; path = TCDirectionsParameters.h; sourceTree = "<group>"; };
		81C1BB2617CF04AC0032BA8F /* TCDirectionsParameters.m */ = {isa = PBXFileReference; fileEncoding = 4; lastKnownFileType = sourcecode.c.objc; path = TCDirectionsParameters.m; sourceTree = "<group>"; };
		81C1BB2717CF04AC0032BA8F /* TCDirectionsRoute.h */ = {isa = PBXFileReference; fileEncoding = 4; lastKnownFileType = sourcecode.c.h; path = TCDirectionsRoute.h; sourceTree = "<group>"; };
		81C1BB2817CF04AC0032BA8F /* TCDirectionsRoute.m */ = {isa = PBXFileReference; fileEncoding = 4; lastKnownFileType = sourcecode.c.objc; path = TCDirectionsRoute.m; sourceTree = "<group>"; };
		81C1BB2917CF04AC0032BA8F /* TCDirectionsService.h */ = {isa = PBXFileReference; fileEncoding = 4; lastKnownFileType = sourcecode.c.h; path = TCDirectionsService.h; sourceTree = "<group>"; };
		81C1BB2A17CF04AC0032BA8F /* TCDirectionsService.m */ = {isa = PBXFileReference; fileEncoding = 4; lastKnownFileType = sourcecode.c.objc; path = TCDirectionsService.m; sourceTree = "<group>"; };
		81C1BB2B17CF04AC0032BA8F /* TCDirectionsStep.h */ = {isa = PBXFileReference; fileEncoding = 4; lastKnownFileType = sourcecode.c.h; path = TCDirectionsStep.h; sourceTree = "<group>"; };
		81C1BB2C17CF04AC0032BA8F /* TCDirectionsStep.m */ = {isa = PBXFileReference; fileEncoding = 4; lastKnownFileType = sourcecode.c.objc; path = TCDirectionsStep.m; sourceTree = "<group>"; };
		81C1BB2D17CF04AC0032BA8F /* TCDistance.h */ = {isa = PBXFileReference; fileEncoding = 4; lastKnownFileType = sourcecode.c.h; path = TCDistance.h; sourceTree = "<group>"; };
		81C1BB2E17CF04AC0032BA8F /* TCDistance.m */ = {isa = PBXFileReference; fileEncoding = 4; lastKnownFileType = sourcecode.c.objc; path = TCDistance.m; sourceTree = "<group>"; };
		81C1BB2F17CF04AC0032BA8F /* TCDuration.h */ = {isa = PBXFileReference; fileEncoding = 4; lastKnownFileType = sourcecode.c.h; path = TCDuration.h; sourceTree = "<group>"; };
		81C1BB3017CF04AC0032BA8F /* TCDuration.m */ = {isa = PBXFileReference; fileEncoding = 4; lastKnownFileType = sourcecode.c.objc; path = TCDuration.m; sourceTree = "<group>"; };
		81C1BB3217CF04AC0032BA8F /* TCGoogleMapsAPIClient.h */ = {isa = PBXFileReference; fileEncoding = 4; lastKnownFileType = sourcecode.c.h; path = TCGoogleMapsAPIClient.h; sourceTree = "<group>"; };
		81C1BB3317CF04AC0032BA8F /* TCGoogleMapsAPIClient.m */ = {isa = PBXFileReference; fileEncoding = 4; lastKnownFileType = sourcecode.c.objc; path = TCGoogleMapsAPIClient.m; sourceTree = "<group>"; };
		81C1BB3F17CF162C0032BA8F /* TCDirectionsStatus.h */ = {isa = PBXFileReference; fileEncoding = 4; lastKnownFileType = sourcecode.c.h; path = TCDirectionsStatus.h; sourceTree = "<group>"; };
		81C1BB4017CF162D0032BA8F /* TCDirectionsStatus.m */ = {isa = PBXFileReference; fileEncoding = 4; lastKnownFileType = sourcecode.c.objc; path = TCDirectionsStatus.m; sourceTree = "<group>"; };
		81C1BB4317CF1FF30032BA8F /* TCGoogleAPIKeys.h */ = {isa = PBXFileReference; fileEncoding = 4; lastKnownFileType = sourcecode.c.h; path = TCGoogleAPIKeys.h; sourceTree = "<group>"; };
		81C1BB4417CF1FF30032BA8F /* TCGoogleAPIKeys.m */ = {isa = PBXFileReference; fileEncoding = 4; lastKnownFileType = sourcecode.c.objc; path = TCGoogleAPIKeys.m; sourceTree = "<group>"; };
		81C1BB8E17D04A570032BA8F /* TCGoogleMapsTests.octest */ = {isa = PBXFileReference; explicitFileType = wrapper.cfbundle; includeInIndex = 0; path = TCGoogleMapsTests.octest; sourceTree = BUILT_PRODUCTS_DIR; };
		81DA0ABD17BF91FE0059ADA7 /* TCGoogleMaps.app */ = {isa = PBXFileReference; explicitFileType = wrapper.application; includeInIndex = 0; path = TCGoogleMaps.app; sourceTree = BUILT_PRODUCTS_DIR; };
		81DA0AC017BF91FE0059ADA7 /* UIKit.framework */ = {isa = PBXFileReference; lastKnownFileType = wrapper.framework; name = UIKit.framework; path = System/Library/Frameworks/UIKit.framework; sourceTree = SDKROOT; };
		81DA0AC217BF91FE0059ADA7 /* Foundation.framework */ = {isa = PBXFileReference; lastKnownFileType = wrapper.framework; name = Foundation.framework; path = System/Library/Frameworks/Foundation.framework; sourceTree = SDKROOT; };
		81DA0AC417BF91FE0059ADA7 /* CoreGraphics.framework */ = {isa = PBXFileReference; lastKnownFileType = wrapper.framework; name = CoreGraphics.framework; path = System/Library/Frameworks/CoreGraphics.framework; sourceTree = SDKROOT; };
		81DA0AE417BF91FF0059ADA7 /* SenTestingKit.framework */ = {isa = PBXFileReference; lastKnownFileType = wrapper.framework; name = SenTestingKit.framework; path = Library/Frameworks/SenTestingKit.framework; sourceTree = DEVELOPER_DIR; };
		81DA0AFB17C074820059ADA7 /* CoreLocation.framework */ = {isa = PBXFileReference; lastKnownFileType = wrapper.framework; name = CoreLocation.framework; path = System/Library/Frameworks/CoreLocation.framework; sourceTree = SDKROOT; };
		81DA0B2217C1F7B90059ADA7 /* SystemConfiguration.framework */ = {isa = PBXFileReference; lastKnownFileType = wrapper.framework; name = SystemConfiguration.framework; path = System/Library/Frameworks/SystemConfiguration.framework; sourceTree = SDKROOT; };
		81DA0B2417C1F7C10059ADA7 /* MobileCoreServices.framework */ = {isa = PBXFileReference; lastKnownFileType = wrapper.framework; name = MobileCoreServices.framework; path = System/Library/Frameworks/MobileCoreServices.framework; sourceTree = SDKROOT; };
		B2FAF9509CFC41F3A8EC8659 /* libPods-TCGoogleMapsTests.a */ = {isa = PBXFileReference; explicitFileType = archive.ar; includeInIndex = 0; path = "libPods-TCGoogleMapsTests.a"; sourceTree = BUILT_PRODUCTS_DIR; };
		BE659AE6C5AC4B4D8ADBD370 /* libPods.a */ = {isa = PBXFileReference; explicitFileType = archive.ar; includeInIndex = 0; path = libPods.a; sourceTree = BUILT_PRODUCTS_DIR; };
		F5B7A5E821894650A594A93A /* Pods.xcconfig */ = {isa = PBXFileReference; includeInIndex = 1; lastKnownFileType = text.xcconfig; name = Pods.xcconfig; path = Pods/Pods.xcconfig; sourceTree = SOURCE_ROOT; };
/* End PBXFileReference section */

/* Begin PBXFrameworksBuildPhase section */
		81C1BB8A17D04A570032BA8F /* Frameworks */ = {
			isa = PBXFrameworksBuildPhase;
			buildActionMask = 2147483647;
			files = (
				81C1BB8F17D04A570032BA8F /* SenTestingKit.framework in Frameworks */,
				81C1BB9017D04A570032BA8F /* UIKit.framework in Frameworks */,
				81C1BB9117D04A570032BA8F /* Foundation.framework in Frameworks */,
				D7FB8D388A9F41CEA8A845C4 /* libPods-TCGoogleMapsTests.a in Frameworks */,
			);
			runOnlyForDeploymentPostprocessing = 0;
		};
		81DA0ABA17BF91FE0059ADA7 /* Frameworks */ = {
			isa = PBXFrameworksBuildPhase;
			buildActionMask = 2147483647;
			files = (
				81718ED317CB40940082F631 /* libxml2.2.dylib in Frameworks */,
				81DA0B2517C1F7C10059ADA7 /* MobileCoreServices.framework in Frameworks */,
				81DA0B2317C1F7B90059ADA7 /* SystemConfiguration.framework in Frameworks */,
				81DA0AFC17C074820059ADA7 /* CoreLocation.framework in Frameworks */,
				81DA0AC117BF91FE0059ADA7 /* UIKit.framework in Frameworks */,
				81DA0AC317BF91FE0059ADA7 /* Foundation.framework in Frameworks */,
				81DA0AC517BF91FE0059ADA7 /* CoreGraphics.framework in Frameworks */,
				934995869DCB47C0BA60AC16 /* libPods.a in Frameworks */,
			);
			runOnlyForDeploymentPostprocessing = 0;
		};
/* End PBXFrameworksBuildPhase section */

/* Begin PBXGroup section */
		810E4FAC17D70C3F00B69AF3 /* Directions */ = {
			isa = PBXGroup;
			children = (
				810E4FB817D70D1600B69AF3 /* TCDirectionsStepTestData.json */,
				810E4FAD17D70C3F00B69AF3 /* TCDirectionsServiceTests_AlternativeRoutes.json */,
				810E4FAE17D70C3F00B69AF3 /* TCDirectionsServiceTests_InvalidRequest.json */,
				810E4FAF17D70C3F00B69AF3 /* TCDirectionsServiceTests_NotFound.json */,
				810E4FB017D70C3F00B69AF3 /* TCDirectionsServiceTests_OneRoute.json */,
			);
			path = Directions;
			sourceTree = "<group>";
		};
		810E4FB517D70CCD00B69AF3 /* Places */ = {
			isa = PBXGroup;
			children = (
				810E4FC917D8755300B69AF3 /* TCPlacesAutocomplete_Error.json */,
				810E4FB617D70CCD00B69AF3 /* TCPlacesAutocomplete_Success.json */,
			);
			path = Places;
			sourceTree = "<group>";
		};
		810E4FF217DDBEAC00B69AF3 /* Autocomplete */ = {
			isa = PBXGroup;
			children = (
				810E4FF817DDBEAD00B69AF3 /* TCPlacesAutocompleteService.h */,
				810E4FF917DDBEAD00B69AF3 /* TCPlacesAutocompleteService.m */,
				810E4FF317DDBEAD00B69AF3 /* TCPlacesAutocompleteParameters.h */,
				81C1821317E019FF009AF620 /* TCPlacesAutocompleteParametersPrivate.h */,
				810E4FF417DDBEAD00B69AF3 /* TCPlacesAutocompleteParameters.m */,
				810E4FF517DDBEAD00B69AF3 /* TCPlacesAutocompletePrediction.h */,
				81C1821217E0197A009AF620 /* TCPlacesAutocompletePredictionPrivate.h */,
				810E4FF617DDBEAD00B69AF3 /* TCPlacesAutocompletePrediction.m */,
				81C1820A17E000D0009AF620 /* TCPlacesPredictionTerm.h */,
				81C1821117E00DCF009AF620 /* TCPlacesPredictionTermPrivate.h */,
				81C1820B17E000D0009AF620 /* TCPlacesPredictionTerm.m */,
			);
			path = Autocomplete;
			sourceTree = "<group>";
		};
		810E4FFA17DDBEAD00B69AF3 /* PlaceDetails */ = {
			isa = PBXGroup;
			children = (
				810E4FFD17DDBEAD00B69AF3 /* TCPlaceDetailsService.h */,
				810E4FFE17DDBEAD00B69AF3 /* TCPlaceDetailsService.m */,
				810E4FFB17DDBEAD00B69AF3 /* TCPlace.h */,
				810E4FFC17DDBEAD00B69AF3 /* TCPlace.m */,
			);
			path = PlaceDetails;
			sourceTree = "<group>";
		};
		815CF87717D071CA00FFFA83 /* TCGoogleMapsTests */ = {
			isa = PBXGroup;
			children = (
				815CF88A17D078F800FFFA83 /* Lib */,
				815CF87817D071CA00FFFA83 /* Models */,
				815CF88217D075D500FFFA83 /* Resources */,
				815CF87A17D071CA00FFFA83 /* SupportingFiles */,
			);
			path = TCGoogleMapsTests;
			sourceTree = "<group>";
		};
		815CF87817D071CA00FFFA83 /* Models */ = {
			isa = PBXGroup;
			children = (
				810E4FC317D83F8A00B69AF3 /* TCGoogleMapsAPIDataMapperTests.h */,
				810E4FC417D83F8A00B69AF3 /* TCGoogleMapsAPIDataMapperTests.m */,
				81AA9B9817D5D8D700B45089 /* Places */,
				81AA9B7F17D5D86B00B45089 /* Directions */,
			);
			path = Models;
			sourceTree = "<group>";
		};
		815CF87A17D071CA00FFFA83 /* SupportingFiles */ = {
			isa = PBXGroup;
			children = (
				815CF87B17D071CA00FFFA83 /* InfoPlist.strings */,
				815CF87D17D071CA00FFFA83 /* TCGoogleMapsTests-Info.plist */,
				815CF87E17D071CA00FFFA83 /* TCGoogleMapsTests-Prefix.pch */,
			);
			path = SupportingFiles;
			sourceTree = "<group>";
		};
		815CF88217D075D500FFFA83 /* Resources */ = {
			isa = PBXGroup;
			children = (
				815CF88317D075D500FFFA83 /* Data */,
			);
			path = Resources;
			sourceTree = "<group>";
		};
		815CF88317D075D500FFFA83 /* Data */ = {
			isa = PBXGroup;
			children = (
				810E4FB517D70CCD00B69AF3 /* Places */,
				810E4FAC17D70C3F00B69AF3 /* Directions */,
			);
			path = Data;
			sourceTree = "<group>";
		};
		815CF88A17D078F800FFFA83 /* Lib */ = {
			isa = PBXGroup;
			children = (
				815CF88B17D0794200FFFA83 /* TCTestData.h */,
				815CF88C17D0794200FFFA83 /* TCTestData.m */,
				810E4FC617D8646A00B69AF3 /* TCMockAPIClient.h */,
				810E4FC717D8646A00B69AF3 /* TCMockAPIClient.m */,
			);
			path = Lib;
			sourceTree = "<group>";
		};
		81AA9B7F17D5D86B00B45089 /* Directions */ = {
			isa = PBXGroup;
			children = (
				81AA9B8817D5D86B00B45089 /* TCDirectionsServiceTests.h */,
				81AA9B8917D5D86B00B45089 /* TCDirectionsServiceTests.m */,
				81AA9B8417D5D86B00B45089 /* TCDirectionsParametersTests.h */,
				81AA9B8517D5D86B00B45089 /* TCDirectionsParametersTests.m */,
				81AA9B8617D5D86B00B45089 /* TCDirectionsRouteTests.h */,
				81AA9B8717D5D86B00B45089 /* TCDirectionsRouteTests.m */,
				81AA9B8217D5D86B00B45089 /* TCDirectionsLegTests.h */,
				81AA9B8317D5D86B00B45089 /* TCDirectionsLegTests.m */,
				81AA9B8A17D5D86B00B45089 /* TCDirectionsStepTests.h */,
				81AA9B8B17D5D86B00B45089 /* TCDirectionsStepTests.m */,
				81AA9B8C17D5D86B00B45089 /* TCDistanceTests.h */,
				81AA9B8D17D5D86B00B45089 /* TCDistanceTests.m */,
				81AA9B8E17D5D86B00B45089 /* TCDurationTests.h */,
				81AA9B8F17D5D86B00B45089 /* TCDurationTests.m */,
			);
			path = Directions;
			sourceTree = "<group>";
		};
		81AA9B9817D5D8D700B45089 /* Places */ = {
			isa = PBXGroup;
			children = (
				81AA9B9917D5DC4F00B45089 /* TCPlacesAutocompleteServiceTests.h */,
				81AA9B9A17D5DC4F00B45089 /* TCPlacesAutocompleteServiceTests.m */,
				810E4FBD17D81F9800B69AF3 /* TCPlacesAutocompleteParametersTests.h */,
				810E4FBE17D81F9800B69AF3 /* TCPlacesAutocompleteParametersTests.m */,
				810E4FBA17D757AC00B69AF3 /* TCPlacesAutocompletePredictionTests.h */,
				810E4FBB17D757AC00B69AF3 /* TCPlacesAutocompletePredictionTests.m */,
				810E4FD517D9B2E700B69AF3 /* TCPlacesServiceErrorTests.h */,
				810E4FD617D9B2E700B69AF3 /* TCPlacesServiceErrorTests.m */,
			);
			path = Places;
			sourceTree = "<group>";
		};
		81C1820D17E0091E009AF620 /* Helpers */ = {
			isa = PBXGroup;
			children = (
				81C1820E17E0091F009AF620 /* TCGoogleMapsAPIDataMapper.h */,
				81C1820F17E0091F009AF620 /* TCGoogleMapsAPIDataMapper.m */,
			);
			path = Helpers;
			sourceTree = "<group>";
		};
		81C1BAE717CEF6900032BA8F /* SupportingFiles */ = {
			isa = PBXGroup;
			children = (
				81C1BAE817CEF6900032BA8F /* InfoPlist.strings */,
				81C1BAEA17CEF6900032BA8F /* main.m */,
				81C1BAEB17CEF6900032BA8F /* TCGoogleMaps-Info.plist */,
				81C1BAEC17CEF6900032BA8F /* TCGoogleMaps-Prefix.pch */,
			);
			path = SupportingFiles;
			sourceTree = "<group>";
		};
		81C1BAF017CEF7230032BA8F /* Controllers */ = {
			isa = PBXGroup;
			children = (
				81C1BAF317CEF7230032BA8F /* TCSearchViewController.h */,
				81C1BAF417CEF7230032BA8F /* TCSearchViewController.m */,
				81C1BAF117CEF7230032BA8F /* TCMapViewController.h */,
				81C1BAF217CEF7230032BA8F /* TCMapViewController.m */,
				81C1BAF517CEF7230032BA8F /* TCStepsViewController.h */,
				81C1BAF617CEF7230032BA8F /* TCStepsViewController.m */,
			);
			path = Controllers;
			sourceTree = "<group>";
		};
		81C1BAFA17CEF85B0032BA8F /* Models */ = {
			isa = PBXGroup;
			children = (
				81C1BAFF17CEF85B0032BA8F /* TCGooglePlacesAPI.h */,
				81C1BB0017CEF85B0032BA8F /* TCGooglePlacesAPI.m */,
				810E4FE917DD98AD00B69AF3 /* TCUserLocationManager.h */,
				810E4FEA17DD98AD00B69AF3 /* TCUserLocationManager.m */,
			);
			path = Models;
			sourceTree = "<group>";
		};
		81C1BB0817CEF9E70032BA8F /* Views */ = {
			isa = PBXGroup;
			children = (
				81C1BB0917CEF9E70032BA8F /* MainStoryboard.storyboard */,
			);
			path = Views;
			sourceTree = "<group>";
		};
		81C1BB0C17CEFAF90032BA8F /* Resources */ = {
			isa = PBXGroup;
			children = (
				81C1BB0D17CEFAF90032BA8F /* Assets */,
				81C1BB1417CEFAF90032BA8F /* Data */,
			);
			path = Resources;
			sourceTree = "<group>";
		};
		81C1BB0D17CEFAF90032BA8F /* Assets */ = {
			isa = PBXGroup;
			children = (
				81C1BB0E17CEFAF90032BA8F /* Images */,
			);
			path = Assets;
			sourceTree = "<group>";
		};
		81C1BB0E17CEFAF90032BA8F /* Images */ = {
			isa = PBXGroup;
			children = (
				81C1BB0F17CEFAF90032BA8F /* Default */,
				81C1BB1317CEFAF90032BA8F /* Icon */,
			);
			path = Images;
			sourceTree = "<group>";
		};
		81C1BB0F17CEFAF90032BA8F /* Default */ = {
			isa = PBXGroup;
			children = (
				81C1BB1017CEFAF90032BA8F /* Default-568h@2x.png */,
				81C1BB1117CEFAF90032BA8F /* Default.png */,
				81C1BB1217CEFAF90032BA8F /* Default@2x.png */,
			);
			path = Default;
			sourceTree = "<group>";
		};
		81C1BB1317CEFAF90032BA8F /* Icon */ = {
			isa = PBXGroup;
			children = (
			);
			path = Icon;
			sourceTree = "<group>";
		};
		81C1BB1417CEFAF90032BA8F /* Data */ = {
			isa = PBXGroup;
			children = (
			);
			path = Data;
			sourceTree = "<group>";
		};
		81C1BB1F17CF04AC0032BA8F /* Lib */ = {
			isa = PBXGroup;
			children = (
				81C1BB2017CF04AC0032BA8F /* TCGoogleMapsLib */,
			);
			path = Lib;
			sourceTree = "<group>";
		};
		81C1BB2017CF04AC0032BA8F /* TCGoogleMapsLib */ = {
			isa = PBXGroup;
			children = (
				81C1820D17E0091E009AF620 /* Helpers */,
				81C1BB2117CF04AC0032BA8F /* Directions */,
				81C1BB3117CF04AC0032BA8F /* Places */,
				81C1BB3217CF04AC0032BA8F /* TCGoogleMapsAPIClient.h */,
				81C1BB3317CF04AC0032BA8F /* TCGoogleMapsAPIClient.m */,
			);
			path = TCGoogleMapsLib;
			sourceTree = "<group>";
		};
		81C1BB2117CF04AC0032BA8F /* Directions */ = {
			isa = PBXGroup;
			children = (
				81C1BB2217CF04AC0032BA8F /* TCGoogleDirections.h */,
				81C1BB2917CF04AC0032BA8F /* TCDirectionsService.h */,
				81C1BB2A17CF04AC0032BA8F /* TCDirectionsService.m */,
				81C1BB2517CF04AC0032BA8F /* TCDirectionsParameters.h */,
				81C1BB2617CF04AC0032BA8F /* TCDirectionsParameters.m */,
				81C1BB3F17CF162C0032BA8F /* TCDirectionsStatus.h */,
				81C1BB4017CF162D0032BA8F /* TCDirectionsStatus.m */,
				81C1BB2717CF04AC0032BA8F /* TCDirectionsRoute.h */,
				81C1BB2817CF04AC0032BA8F /* TCDirectionsRoute.m */,
				81C1BB2317CF04AC0032BA8F /* TCDirectionsLeg.h */,
				81C1BB2417CF04AC0032BA8F /* TCDirectionsLeg.m */,
				81C1BB2B17CF04AC0032BA8F /* TCDirectionsStep.h */,
				81C1BB2C17CF04AC0032BA8F /* TCDirectionsStep.m */,
				81C1BB2D17CF04AC0032BA8F /* TCDistance.h */,
				81C1BB2E17CF04AC0032BA8F /* TCDistance.m */,
				81C1BB2F17CF04AC0032BA8F /* TCDuration.h */,
				81C1BB3017CF04AC0032BA8F /* TCDuration.m */,
			);
			path = Directions;
			sourceTree = "<group>";
		};
		81C1BB3117CF04AC0032BA8F /* Places */ = {
			isa = PBXGroup;
			children = (
				810E4FD417D97E6800B69AF3 /* TCGooglePlaces.h */,
				81C1820717DF0FB2009AF620 /* TCGooglePlacesAPIClient.h */,
				81C1820817DF0FB3009AF620 /* TCGooglePlacesAPIClient.m */,
				810E500617DEABCF00B69AF3 /* TCPlacesServiceBlocks.h */,
				81AA9B9C17D5E46400B45089 /* TCPlacesService.h */,
				81AA9B9D17D5E46400B45089 /* TCPlacesService.m */,
				810E4FCE17D8844E00B69AF3 /* TCPlacesServiceError.h */,
				810E4FCF17D8844E00B69AF3 /* TCPlacesServiceError.m */,
				810E4FCB17D87D3100B69AF3 /* TCPlacesServiceStatus.h */,
				810E4FCC17D87D3100B69AF3 /* TCPlacesServiceStatus.m */,
				810E4FE617DD948B00B69AF3 /* TCPlacesServiceErrorConstants.h */,
				810E4FE717DD948D00B69AF3 /* TCPlacesServiceErrorConstants.m */,
				810E4FE317DD7E6E00B69AF3 /* TCPlacesServiceStatusConstants.h */,
				810E4FE417DD7E6F00B69AF3 /* TCPlacesServiceStatusConstants.m */,
				810E4FF217DDBEAC00B69AF3 /* Autocomplete */,
				810E4FFA17DDBEAD00B69AF3 /* PlaceDetails */,
			);
			path = Places;
			sourceTree = "<group>";
		};
		81C1BB4217CF1FF30032BA8F /* App */ = {
			isa = PBXGroup;
			children = (
				81C1BB4317CF1FF30032BA8F /* TCGoogleAPIKeys.h */,
				81C1BB4417CF1FF30032BA8F /* TCGoogleAPIKeys.m */,
			);
			path = App;
			sourceTree = "<group>";
		};
		81DA0AB417BF91FE0059ADA7 = {
			isa = PBXGroup;
			children = (
				81DA0AC617BF91FE0059ADA7 /* TCGoogleMaps */,
				815CF87717D071CA00FFFA83 /* TCGoogleMapsTests */,
				81DA0ABF17BF91FE0059ADA7 /* Frameworks */,
				81DA0ABE17BF91FE0059ADA7 /* Products */,
				F5B7A5E821894650A594A93A /* Pods.xcconfig */,
				8152488F17D068860032FEAF /* Pods-TCGoogleMapsTests.xcconfig */,
			);
			sourceTree = "<group>";
		};
		81DA0ABE17BF91FE0059ADA7 /* Products */ = {
			isa = PBXGroup;
			children = (
				81DA0ABD17BF91FE0059ADA7 /* TCGoogleMaps.app */,
				81C1BB8E17D04A570032BA8F /* TCGoogleMapsTests.octest */,
			);
			name = Products;
			sourceTree = "<group>";
		};
		81DA0ABF17BF91FE0059ADA7 /* Frameworks */ = {
			isa = PBXGroup;
			children = (
				81DA0B2417C1F7C10059ADA7 /* MobileCoreServices.framework */,
				81DA0B2217C1F7B90059ADA7 /* SystemConfiguration.framework */,
				81DA0AFB17C074820059ADA7 /* CoreLocation.framework */,
				81DA0AC017BF91FE0059ADA7 /* UIKit.framework */,
				81DA0AC217BF91FE0059ADA7 /* Foundation.framework */,
				81DA0AC417BF91FE0059ADA7 /* CoreGraphics.framework */,
				81DA0AE417BF91FF0059ADA7 /* SenTestingKit.framework */,
				81718ED217CB40940082F631 /* libxml2.2.dylib */,
				BE659AE6C5AC4B4D8ADBD370 /* libPods.a */,
				B2FAF9509CFC41F3A8EC8659 /* libPods-TCGoogleMapsTests.a */,
			);
			name = Frameworks;
			sourceTree = "<group>";
		};
		81DA0AC617BF91FE0059ADA7 /* TCGoogleMaps */ = {
			isa = PBXGroup;
			children = (
				81C1BB1817CEFBB00032BA8F /* TCAppDelegate.h */,
				81C1BB1917CEFBB00032BA8F /* TCAppDelegate.m */,
				81C1BB4217CF1FF30032BA8F /* App */,
				81C1BB1F17CF04AC0032BA8F /* Lib */,
				81C1BB0817CEF9E70032BA8F /* Views */,
				81C1BAFA17CEF85B0032BA8F /* Models */,
				81C1BAF017CEF7230032BA8F /* Controllers */,
				81C1BB0C17CEFAF90032BA8F /* Resources */,
				81C1BAE717CEF6900032BA8F /* SupportingFiles */,
			);
			path = TCGoogleMaps;
			sourceTree = "<group>";
		};
/* End PBXGroup section */

/* Begin PBXNativeTarget section */
		81C1BB8D17D04A570032BA8F /* TCGoogleMapsTests */ = {
			isa = PBXNativeTarget;
			buildConfigurationList = 81C1BB9C17D04A570032BA8F /* Build configuration list for PBXNativeTarget "TCGoogleMapsTests" */;
			buildPhases = (
				EDC5D21CB60647129A64874E /* Check Pods Manifest.lock */,
				81C1BB8917D04A570032BA8F /* Sources */,
				81C1BB8A17D04A570032BA8F /* Frameworks */,
				81C1BB8B17D04A570032BA8F /* Resources */,
				81C1BB8C17D04A570032BA8F /* ShellScript */,
				853E94882FFC44F5AA32BBAD /* Copy Pods Resources */,
			);
			buildRules = (
			);
			dependencies = (
				81C1BBA017D04AFA0032BA8F /* PBXTargetDependency */,
			);
			name = TCGoogleMapsTests;
			productName = TCGoogleMapsTests;
			productReference = 81C1BB8E17D04A570032BA8F /* TCGoogleMapsTests.octest */;
			productType = "com.apple.product-type.bundle";
		};
		81DA0ABC17BF91FE0059ADA7 /* TCGoogleMaps */ = {
			isa = PBXNativeTarget;
			buildConfigurationList = 81DA0AF517BF91FF0059ADA7 /* Build configuration list for PBXNativeTarget "TCGoogleMaps" */;
			buildPhases = (
				6D9907E031E041BDAF7CD84B /* Check Pods Manifest.lock */,
				81DA0AB917BF91FE0059ADA7 /* Sources */,
				81DA0ABA17BF91FE0059ADA7 /* Frameworks */,
				81DA0ABB17BF91FE0059ADA7 /* Resources */,
				8A6EB38628A54A9BAA15D00B /* Copy Pods Resources */,
			);
			buildRules = (
			);
			dependencies = (
			);
			name = TCGoogleMaps;
			productName = TCGoogleMaps;
			productReference = 81DA0ABD17BF91FE0059ADA7 /* TCGoogleMaps.app */;
			productType = "com.apple.product-type.application";
		};
/* End PBXNativeTarget section */

/* Begin PBXProject section */
		81DA0AB517BF91FE0059ADA7 /* Project object */ = {
			isa = PBXProject;
			attributes = {
				CLASSPREFIX = TC;
				LastUpgradeCheck = 0460;
				ORGANIZATIONNAME = "Lee Tze Cheun";
			};
			buildConfigurationList = 81DA0AB817BF91FE0059ADA7 /* Build configuration list for PBXProject "TCGoogleMaps" */;
			compatibilityVersion = "Xcode 3.2";
			developmentRegion = English;
			hasScannedForEncodings = 0;
			knownRegions = (
				en,
			);
			mainGroup = 81DA0AB417BF91FE0059ADA7;
			productRefGroup = 81DA0ABE17BF91FE0059ADA7 /* Products */;
			projectDirPath = "";
			projectRoot = "";
			targets = (
				81DA0ABC17BF91FE0059ADA7 /* TCGoogleMaps */,
				81C1BB8D17D04A570032BA8F /* TCGoogleMapsTests */,
			);
		};
/* End PBXProject section */

/* Begin PBXResourcesBuildPhase section */
		81C1BB8B17D04A570032BA8F /* Resources */ = {
			isa = PBXResourcesBuildPhase;
			buildActionMask = 2147483647;
			files = (
				815CF88017D071CA00FFFA83 /* InfoPlist.strings in Resources */,
				810E4FB117D70C3F00B69AF3 /* TCDirectionsServiceTests_AlternativeRoutes.json in Resources */,
				810E4FB217D70C3F00B69AF3 /* TCDirectionsServiceTests_InvalidRequest.json in Resources */,
				810E4FB317D70C3F00B69AF3 /* TCDirectionsServiceTests_NotFound.json in Resources */,
				810E4FB417D70C3F00B69AF3 /* TCDirectionsServiceTests_OneRoute.json in Resources */,
				810E4FB717D70CCD00B69AF3 /* TCPlacesAutocomplete_Success.json in Resources */,
				810E4FB917D70D1600B69AF3 /* TCDirectionsStepTestData.json in Resources */,
				810E4FCA17D8755300B69AF3 /* TCPlacesAutocomplete_Error.json in Resources */,
			);
			runOnlyForDeploymentPostprocessing = 0;
		};
		81DA0ABB17BF91FE0059ADA7 /* Resources */ = {
			isa = PBXResourcesBuildPhase;
			buildActionMask = 2147483647;
			files = (
				81C1BAED17CEF6900032BA8F /* InfoPlist.strings in Resources */,
				81C1BB0B17CEF9E70032BA8F /* MainStoryboard.storyboard in Resources */,
				81C1BB1517CEFAF90032BA8F /* Default-568h@2x.png in Resources */,
				81C1BB1617CEFAF90032BA8F /* Default.png in Resources */,
				81C1BB1717CEFAF90032BA8F /* Default@2x.png in Resources */,
				8152489017D068860032FEAF /* Pods-TCGoogleMapsTests.xcconfig in Resources */,
			);
			runOnlyForDeploymentPostprocessing = 0;
		};
/* End PBXResourcesBuildPhase section */

/* Begin PBXShellScriptBuildPhase section */
		6D9907E031E041BDAF7CD84B /* Check Pods Manifest.lock */ = {
			isa = PBXShellScriptBuildPhase;
			buildActionMask = 2147483647;
			files = (
			);
			inputPaths = (
			);
			name = "Check Pods Manifest.lock";
			outputPaths = (
			);
			runOnlyForDeploymentPostprocessing = 0;
			shellPath = /bin/sh;
			shellScript = "diff \"${PODS_ROOT}/../Podfile.lock\" \"${PODS_ROOT}/Manifest.lock\" > /dev/null\nif [[ $? != 0 ]] ; then\n    cat << EOM\nerror: The sandbox is not in sync with the Podfile.lock. Run 'pod install' or update your CocoaPods installation.\nEOM\n    exit 1\nfi\n";
			showEnvVarsInLog = 0;
		};
		81C1BB8C17D04A570032BA8F /* ShellScript */ = {
			isa = PBXShellScriptBuildPhase;
			buildActionMask = 2147483647;
			files = (
			);
			inputPaths = (
			);
			outputPaths = (
			);
			runOnlyForDeploymentPostprocessing = 0;
			shellPath = /bin/sh;
			shellScript = "# Run the unit tests in this test bundle.\n\"${SYSTEM_DEVELOPER_DIR}/Tools/RunUnitTests\"\n";
		};
		853E94882FFC44F5AA32BBAD /* Copy Pods Resources */ = {
			isa = PBXShellScriptBuildPhase;
			buildActionMask = 2147483647;
			files = (
			);
			inputPaths = (
			);
			name = "Copy Pods Resources";
			outputPaths = (
			);
			runOnlyForDeploymentPostprocessing = 0;
			shellPath = /bin/sh;
			shellScript = "\"${SRCROOT}/Pods/Pods-TCGoogleMapsTests-resources.sh\"\n";
			showEnvVarsInLog = 0;
		};
		8A6EB38628A54A9BAA15D00B /* Copy Pods Resources */ = {
			isa = PBXShellScriptBuildPhase;
			buildActionMask = 2147483647;
			files = (
			);
			inputPaths = (
			);
			name = "Copy Pods Resources";
			outputPaths = (
			);
			runOnlyForDeploymentPostprocessing = 0;
			shellPath = /bin/sh;
			shellScript = "\"${SRCROOT}/Pods/Pods-resources.sh\"\n";
			showEnvVarsInLog = 0;
		};
		EDC5D21CB60647129A64874E /* Check Pods Manifest.lock */ = {
			isa = PBXShellScriptBuildPhase;
			buildActionMask = 2147483647;
			files = (
			);
			inputPaths = (
			);
			name = "Check Pods Manifest.lock";
			outputPaths = (
			);
			runOnlyForDeploymentPostprocessing = 0;
			shellPath = /bin/sh;
			shellScript = "diff \"${PODS_ROOT}/../Podfile.lock\" \"${PODS_ROOT}/Manifest.lock\" > /dev/null\nif [[ $? != 0 ]] ; then\n    cat << EOM\nerror: The sandbox is not in sync with the Podfile.lock. Run 'pod install' or update your CocoaPods installation.\nEOM\n    exit 1\nfi\n";
			showEnvVarsInLog = 0;
		};
/* End PBXShellScriptBuildPhase section */

/* Begin PBXSourcesBuildPhase section */
		81C1BB8917D04A570032BA8F /* Sources */ = {
			isa = PBXSourcesBuildPhase;
			buildActionMask = 2147483647;
			files = (
				815CF88D17D0794200FFFA83 /* TCTestData.m in Sources */,
				81AA9B9117D5D86B00B45089 /* TCDirectionsLegTests.m in Sources */,
				81AA9B9217D5D86B00B45089 /* TCDirectionsParametersTests.m in Sources */,
				81AA9B9317D5D86B00B45089 /* TCDirectionsRouteTests.m in Sources */,
				81AA9B9417D5D86B00B45089 /* TCDirectionsServiceTests.m in Sources */,
				81AA9B9517D5D86B00B45089 /* TCDirectionsStepTests.m in Sources */,
				81AA9B9617D5D86B00B45089 /* TCDistanceTests.m in Sources */,
				81AA9B9717D5D86B00B45089 /* TCDurationTests.m in Sources */,
				81AA9B9B17D5DC4F00B45089 /* TCPlacesAutocompleteServiceTests.m in Sources */,
				810E4FBC17D757AC00B69AF3 /* TCPlacesAutocompletePredictionTests.m in Sources */,
				810E4FBF17D81F9800B69AF3 /* TCPlacesAutocompleteParametersTests.m in Sources */,
				810E4FC517D83F8A00B69AF3 /* TCGoogleMapsAPIDataMapperTests.m in Sources */,
				810E4FC817D8646B00B69AF3 /* TCMockAPIClient.m in Sources */,
				810E4FD717D9B2E700B69AF3 /* TCPlacesServiceErrorTests.m in Sources */,
			);
			runOnlyForDeploymentPostprocessing = 0;
		};
		81DA0AB917BF91FE0059ADA7 /* Sources */ = {
			isa = PBXSourcesBuildPhase;
			buildActionMask = 2147483647;
			files = (
				81C1BAEE17CEF6900032BA8F /* main.m in Sources */,
				81C1BAF717CEF7230032BA8F /* TCMapViewController.m in Sources */,
				81C1BAF817CEF7230032BA8F /* TCSearchViewController.m in Sources */,
				81C1BAF917CEF7230032BA8F /* TCStepsViewController.m in Sources */,
				81C1BB0617CEF85B0032BA8F /* TCGooglePlacesAPI.m in Sources */,
				81C1BB1A17CEFBB00032BA8F /* TCAppDelegate.m in Sources */,
				81C1BB3617CF04AC0032BA8F /* TCDirectionsLeg.m in Sources */,
				81C1BB3717CF04AC0032BA8F /* TCDirectionsParameters.m in Sources */,
				81C1BB3817CF04AC0032BA8F /* TCDirectionsRoute.m in Sources */,
				81C1BB3917CF04AC0032BA8F /* TCDirectionsService.m in Sources */,
				81C1BB3A17CF04AC0032BA8F /* TCDirectionsStep.m in Sources */,
				81C1BB3B17CF04AC0032BA8F /* TCDistance.m in Sources */,
				81C1BB3C17CF04AC0032BA8F /* TCDuration.m in Sources */,
				81C1BB3D17CF04AC0032BA8F /* TCGoogleMapsAPIClient.m in Sources */,
				81C1BB4117CF162D0032BA8F /* TCDirectionsStatus.m in Sources */,
				81C1BB4517CF1FF30032BA8F /* TCGoogleAPIKeys.m in Sources */,
				81AA9B9E17D5E46400B45089 /* TCPlacesService.m in Sources */,
				810E4FCD17D87D3200B69AF3 /* TCPlacesServiceStatus.m in Sources */,
				810E4FD017D8845000B69AF3 /* TCPlacesServiceError.m in Sources */,
				810E4FE517DD7E7100B69AF3 /* TCPlacesServiceStatusConstants.m in Sources */,
				810E4FE817DD948F00B69AF3 /* TCPlacesServiceErrorConstants.m in Sources */,
				810E4FEB17DD98AD00B69AF3 /* TCUserLocationManager.m in Sources */,
				810E4FFF17DDBEAD00B69AF3 /* TCPlacesAutocompleteParameters.m in Sources */,
				810E500017DDBEAD00B69AF3 /* TCPlacesAutocompletePrediction.m in Sources */,
				810E500117DDBEAD00B69AF3 /* TCPlacesAutocompleteService.m in Sources */,
				810E500217DDBEAD00B69AF3 /* TCPlace.m in Sources */,
				810E500317DDBEAD00B69AF3 /* TCPlaceDetailsService.m in Sources */,
				81C1820917DF0FB4009AF620 /* TCGooglePlacesAPIClient.m in Sources */,
				81C1820C17E000D1009AF620 /* TCPlacesPredictionTerm.m in Sources */,
				81C1821017E0091F009AF620 /* TCGoogleMapsAPIDataMapper.m in Sources */,
			);
			runOnlyForDeploymentPostprocessing = 0;
		};
/* End PBXSourcesBuildPhase section */

/* Begin PBXTargetDependency section */
		81C1BBA017D04AFA0032BA8F /* PBXTargetDependency */ = {
			isa = PBXTargetDependency;
			target = 81DA0ABC17BF91FE0059ADA7 /* TCGoogleMaps */;
			targetProxy = 81C1BB9F17D04AFA0032BA8F /* PBXContainerItemProxy */;
		};
/* End PBXTargetDependency section */

/* Begin PBXVariantGroup section */
		815CF87B17D071CA00FFFA83 /* InfoPlist.strings */ = {
			isa = PBXVariantGroup;
			children = (
				815CF87C17D071CA00FFFA83 /* en */,
			);
			name = InfoPlist.strings;
			sourceTree = "<group>";
		};
		81C1BAE817CEF6900032BA8F /* InfoPlist.strings */ = {
			isa = PBXVariantGroup;
			children = (
				81C1BAE917CEF6900032BA8F /* en */,
			);
			name = InfoPlist.strings;
			sourceTree = "<group>";
		};
		81C1BB0917CEF9E70032BA8F /* MainStoryboard.storyboard */ = {
			isa = PBXVariantGroup;
			children = (
				81C1BB0A17CEF9E70032BA8F /* en */,
			);
			name = MainStoryboard.storyboard;
			sourceTree = "<group>";
		};
/* End PBXVariantGroup section */

/* Begin XCBuildConfiguration section */
		81C1BB9D17D04A570032BA8F /* Debug */ = {
			isa = XCBuildConfiguration;
			baseConfigurationReference = 8152488F17D068860032FEAF /* Pods-TCGoogleMapsTests.xcconfig */;
			buildSettings = {
				BUNDLE_LOADER = "$(BUILT_PRODUCTS_DIR)/TCGoogleMaps.app/TCGoogleMaps";
				FRAMEWORK_SEARCH_PATHS = (
					"$(inherited)",
					"\"$(SDKROOT)/Developer/Library/Frameworks\"",
					"\"$(DEVELOPER_LIBRARY_DIR)/Frameworks\"",
				);
				GCC_PRECOMPILE_PREFIX_HEADER = YES;
				GCC_PREFIX_HEADER = "TCGoogleMapsTests/SupportingFiles/TCGoogleMapsTests-Prefix.pch";
				INFOPLIST_FILE = "TCGoogleMapsTests/SupportingFiles/TCGoogleMapsTests-Info.plist";
				LIBRARY_SEARCH_PATHS = "$(inherited)";
				PRODUCT_NAME = "$(TARGET_NAME)";
				TEST_HOST = "$(BUNDLE_LOADER)";
				WRAPPER_EXTENSION = octest;
			};
			name = Debug;
		};
		81C1BB9E17D04A570032BA8F /* Release */ = {
			isa = XCBuildConfiguration;
			baseConfigurationReference = 8152488F17D068860032FEAF /* Pods-TCGoogleMapsTests.xcconfig */;
			buildSettings = {
				BUNDLE_LOADER = "$(BUILT_PRODUCTS_DIR)/TCGoogleMaps.app/TCGoogleMaps";
				FRAMEWORK_SEARCH_PATHS = (
					"$(inherited)",
					"\"$(SDKROOT)/Developer/Library/Frameworks\"",
					"\"$(DEVELOPER_LIBRARY_DIR)/Frameworks\"",
				);
				GCC_PRECOMPILE_PREFIX_HEADER = YES;
				GCC_PREFIX_HEADER = "TCGoogleMapsTests/SupportingFiles/TCGoogleMapsTests-Prefix.pch";
				INFOPLIST_FILE = "TCGoogleMapsTests/SupportingFiles/TCGoogleMapsTests-Info.plist";
				LIBRARY_SEARCH_PATHS = "$(inherited)";
				PRODUCT_NAME = "$(TARGET_NAME)";
				TEST_HOST = "$(BUNDLE_LOADER)";
				WRAPPER_EXTENSION = octest;
			};
			name = Release;
		};
		81DA0AF317BF91FF0059ADA7 /* Debug */ = {
			isa = XCBuildConfiguration;
			buildSettings = {
				ALWAYS_SEARCH_USER_PATHS = NO;
				CLANG_CXX_LANGUAGE_STANDARD = "gnu++0x";
				CLANG_CXX_LIBRARY = "libc++";
				CLANG_ENABLE_OBJC_ARC = YES;
				CLANG_WARN_CONSTANT_CONVERSION = YES;
				CLANG_WARN_EMPTY_BODY = YES;
				CLANG_WARN_ENUM_CONVERSION = YES;
				CLANG_WARN_INT_CONVERSION = YES;
				CLANG_WARN__DUPLICATE_METHOD_MATCH = YES;
				"CODE_SIGN_IDENTITY[sdk=iphoneos*]" = "iPhone Developer";
				COPY_PHASE_STRIP = NO;
				GCC_C_LANGUAGE_STANDARD = gnu99;
				GCC_DYNAMIC_NO_PIC = NO;
				GCC_OPTIMIZATION_LEVEL = 0;
				GCC_PREPROCESSOR_DEFINITIONS = (
					"DEBUG=1",
					"$(inherited)",
				);
				GCC_SYMBOLS_PRIVATE_EXTERN = NO;
				GCC_TREAT_WARNINGS_AS_ERRORS = YES;
				GCC_WARN_ABOUT_RETURN_TYPE = YES;
				GCC_WARN_UNINITIALIZED_AUTOS = YES;
				GCC_WARN_UNUSED_VARIABLE = YES;
				IPHONEOS_DEPLOYMENT_TARGET = 6.0;
				ONLY_ACTIVE_ARCH = YES;
				SDKROOT = iphoneos;
			};
			name = Debug;
		};
		81DA0AF417BF91FF0059ADA7 /* Release */ = {
			isa = XCBuildConfiguration;
			buildSettings = {
				ALWAYS_SEARCH_USER_PATHS = NO;
				CLANG_CXX_LANGUAGE_STANDARD = "gnu++0x";
				CLANG_CXX_LIBRARY = "libc++";
				CLANG_ENABLE_OBJC_ARC = YES;
				CLANG_WARN_CONSTANT_CONVERSION = YES;
				CLANG_WARN_EMPTY_BODY = YES;
				CLANG_WARN_ENUM_CONVERSION = YES;
				CLANG_WARN_INT_CONVERSION = YES;
				CLANG_WARN__DUPLICATE_METHOD_MATCH = YES;
				"CODE_SIGN_IDENTITY[sdk=iphoneos*]" = "iPhone Developer";
				COPY_PHASE_STRIP = YES;
				GCC_C_LANGUAGE_STANDARD = gnu99;
				GCC_TREAT_WARNINGS_AS_ERRORS = YES;
				GCC_WARN_ABOUT_RETURN_TYPE = YES;
				GCC_WARN_UNINITIALIZED_AUTOS = YES;
				GCC_WARN_UNUSED_VARIABLE = YES;
				IPHONEOS_DEPLOYMENT_TARGET = 6.0;
				OTHER_CFLAGS = "-DNS_BLOCK_ASSERTIONS=1";
				SDKROOT = iphoneos;
				VALIDATE_PRODUCT = YES;
			};
			name = Release;
		};
		81DA0AF617BF91FF0059ADA7 /* Debug */ = {
			isa = XCBuildConfiguration;
			baseConfigurationReference = F5B7A5E821894650A594A93A /* Pods.xcconfig */;
			buildSettings = {
				GCC_PRECOMPILE_PREFIX_HEADER = YES;
				GCC_PREFIX_HEADER = "TCGoogleMaps/SupportingFiles/TCGoogleMaps-Prefix.pch";
				GCC_SYMBOLS_PRIVATE_EXTERN = NO;
				INFOPLIST_FILE = "TCGoogleMaps/SupportingFiles/TCGoogleMaps-Info.plist";
				IPHONEOS_DEPLOYMENT_TARGET = 6.0;
				PRODUCT_NAME = "$(TARGET_NAME)";
				WRAPPER_EXTENSION = app;
			};
			name = Debug;
		};
		81DA0AF717BF91FF0059ADA7 /* Release */ = {
			isa = XCBuildConfiguration;
			baseConfigurationReference = F5B7A5E821894650A594A93A /* Pods.xcconfig */;
			buildSettings = {
				GCC_PRECOMPILE_PREFIX_HEADER = YES;
				GCC_PREFIX_HEADER = "TCGoogleMaps/SupportingFiles/TCGoogleMaps-Prefix.pch";
				GCC_SYMBOLS_PRIVATE_EXTERN = NO;
				INFOPLIST_FILE = "TCGoogleMaps/SupportingFiles/TCGoogleMaps-Info.plist";
				IPHONEOS_DEPLOYMENT_TARGET = 6.0;
				PRODUCT_NAME = "$(TARGET_NAME)";
				WRAPPER_EXTENSION = app;
			};
			name = Release;
		};
/* End XCBuildConfiguration section */

/* Begin XCConfigurationList section */
		81C1BB9C17D04A570032BA8F /* Build configuration list for PBXNativeTarget "TCGoogleMapsTests" */ = {
			isa = XCConfigurationList;
			buildConfigurations = (
				81C1BB9D17D04A570032BA8F /* Debug */,
				81C1BB9E17D04A570032BA8F /* Release */,
			);
			defaultConfigurationIsVisible = 0;
			defaultConfigurationName = Release;
		};
		81DA0AB817BF91FE0059ADA7 /* Build configuration list for PBXProject "TCGoogleMaps" */ = {
			isa = XCConfigurationList;
			buildConfigurations = (
				81DA0AF317BF91FF0059ADA7 /* Debug */,
				81DA0AF417BF91FF0059ADA7 /* Release */,
			);
			defaultConfigurationIsVisible = 0;
			defaultConfigurationName = Release;
		};
		81DA0AF517BF91FF0059ADA7 /* Build configuration list for PBXNativeTarget "TCGoogleMaps" */ = {
			isa = XCConfigurationList;
			buildConfigurations = (
				81DA0AF617BF91FF0059ADA7 /* Debug */,
				81DA0AF717BF91FF0059ADA7 /* Release */,
			);
			defaultConfigurationIsVisible = 0;
			defaultConfigurationName = Release;
		};
/* End XCConfigurationList section */
	};
	rootObject = 81DA0AB517BF91FE0059ADA7 /* Project object */;
}
